
Microsoft Visual Studio Solution File, Format Version 12.00
# Visual Studio Version 17
VisualStudioVersion = 17.10.34928.147
MinimumVisualStudioVersion = 10.0.40219.1
Project("{9A19103F-16F7-4668-BE54-9A1E7A4F7556}") = "ZatcaService", "ZatcaService\ZatcaService.csproj", "{CA96409F-94D7-4420-9673-B13B6B0F5A12}"
EndProject
Project("{9A19103F-16F7-4668-BE54-9A1E7A4F7556}") = "Zatca.eInvoice", "Zatca.eInvoice\Zatca.eInvoice.csproj", "{422F7004-9D90-48E7-B385-25871932AB50}"
EndProject
Project("{2150E333-8FDC-42A3-9474-1A3956D46DE8}") = "ManagerIoFiles", "ManagerIoFiles", "{529A531A-7555-44C7-8A87-D50156254D9E}"
	ProjectSection(SolutionItems) = preProject
		ManagerIoFiles\Zatca eInvoice.manager = ManagerIoFiles\Zatca eInvoice.manager
	EndProjectSection
EndProject
Global
	GlobalSection(SolutionConfigurationPlatforms) = preSolution
		Debug|Any CPU = Debug|Any CPU
		Release|Any CPU = Release|Any CPU
	EndGlobalSection
	GlobalSection(ProjectConfigurationPlatforms) = postSolution
		{CA96409F-94D7-4420-9673-B13B6B0F5A12}.Debug|Any CPU.ActiveCfg = Debug|Any CPU
		{CA96409F-94D7-4420-9673-B13B6B0F5A12}.Debug|Any CPU.Build.0 = Debug|Any CPU
		{CA96409F-94D7-4420-9673-B13B6B0F5A12}.Release|Any CPU.ActiveCfg = Release|Any CPU
		{CA96409F-94D7-4420-9673-B13B6B0F5A12}.Release|Any CPU.Build.0 = Release|Any CPU
		{422F7004-9D90-48E7-B385-25871932AB50}.Debug|Any CPU.ActiveCfg = Debug|Any CPU
		{422F7004-9D90-48E7-B385-25871932AB50}.Debug|Any CPU.Build.0 = Debug|Any CPU
		{422F7004-9D90-48E7-B385-25871932AB50}.Release|Any CPU.ActiveCfg = Release|Any CPU
		{422F7004-9D90-48E7-B385-25871932AB50}.Release|Any CPU.Build.0 = Release|Any CPU
	EndGlobalSection
	GlobalSection(SolutionProperties) = preSolution
		HideSolutionNode = FALSE
	EndGlobalSection
	GlobalSection(ExtensibilityGlobals) = postSolution
		SolutionGuid = {D942BEB8-B146-48E0-8961-D415F7BFFA74}
	EndGlobalSection
EndGlobal
